// !$*UTF8*$!
{
	archiveVersion = 1;
	classes = {
	};
	objectVersion = 50;
	objects = {

/* Begin PBXBuildFile section */
		CA1EDEA4207E3B8D003B92C9 /* AppDelegate.swift in Sources */ = {isa = PBXBuildFile; fileRef = CA1EDEA3207E3B8D003B92C9 /* AppDelegate.swift */; };
		CA1EDEA6207E3B8D003B92C9 /* ViewController.swift in Sources */ = {isa = PBXBuildFile; fileRef = CA1EDEA5207E3B8D003B92C9 /* ViewController.swift */; };
		CA1EDEA9207E3B8E003B92C9 /* Main.storyboard in Resources */ = {isa = PBXBuildFile; fileRef = CA1EDEA7207E3B8E003B92C9 /* Main.storyboard */; };
		CA1EDEAB207E3B8F003B92C9 /* Assets.xcassets in Resources */ = {isa = PBXBuildFile; fileRef = CA1EDEAA207E3B8F003B92C9 /* Assets.xcassets */; };
		CA1EDEAE207E3B8F003B92C9 /* LaunchScreen.storyboard in Resources */ = {isa = PBXBuildFile; fileRef = CA1EDEAC207E3B8F003B92C9 /* LaunchScreen.storyboard */; };
		CA1EDEB9207E3B8F003B92C9 /* PhotoMasterTests.swift in Sources */ = {isa = PBXBuildFile; fileRef = CA1EDEB8207E3B8F003B92C9 /* PhotoMasterTests.swift */; };
		CA1EDEC4207E3B8F003B92C9 /* PhotoMasterUITests.swift in Sources */ = {isa = PBXBuildFile; fileRef = CA1EDEC3207E3B8F003B92C9 /* PhotoMasterUITests.swift */; };
/* End PBXBuildFile section */

/* Begin PBXContainerItemProxy section */
		CA1EDEB5207E3B8F003B92C9 /* PBXContainerItemProxy */ = {
			isa = PBXContainerItemProxy;
			containerPortal = CA1EDE98207E3B8D003B92C9 /* Project object */;
			proxyType = 1;
			remoteGlobalIDString = CA1EDE9F207E3B8D003B92C9;
			remoteInfo = PhotoMaster;
		};
		CA1EDEC0207E3B8F003B92C9 /* PBXContainerItemProxy */ = {
			isa = PBXContainerItemProxy;
			containerPortal = CA1EDE98207E3B8D003B92C9 /* Project object */;
			proxyType = 1;
			remoteGlobalIDString = CA1EDE9F207E3B8D003B92C9;
			remoteInfo = PhotoMaster;
		};
/* End PBXContainerItemProxy section */

/* Begin PBXFileReference section */
		CA1EDEA0207E3B8D003B92C9 /* PhotoMaster.app */ = {isa = PBXFileReference; explicitFileType = wrapper.application; includeInIndex = 0; path = PhotoMaster.app; sourceTree = BUILT_PRODUCTS_DIR; };
		CA1EDEA3207E3B8D003B92C9 /* AppDelegate.swift */ = {isa = PBXFileReference; lastKnownFileType = sourcecode.swift; path = AppDelegate.swift; sourceTree = "<group>"; };
		CA1EDEA5207E3B8D003B92C9 /* ViewController.swift */ = {isa = PBXFileReference; lastKnownFileType = sourcecode.swift; path = ViewController.swift; sourceTree = "<group>"; };
		CA1EDEA8207E3B8E003B92C9 /* Base */ = {isa = PBXFileReference; lastKnownFileType = file.storyboard; name = Base; path = Base.lproj/Main.storyboard; sourceTree = "<group>"; };
		CA1EDEAA207E3B8F003B92C9 /* Assets.xcassets */ = {isa = PBXFileReference; lastKnownFileType = folder.assetcatalog; path = Assets.xcassets; sourceTree = "<group>"; };
		CA1EDEAD207E3B8F003B92C9 /* Base */ = {isa = PBXFileReference; lastKnownFileType = file.storyboard; name = Base; path = Base.lproj/LaunchScreen.storyboard; sourceTree = "<group>"; };
		CA1EDEAF207E3B8F003B92C9 /* Info.plist */ = {isa = PBXFileReference; lastKnownFileType = text.plist.xml; path = Info.plist; sourceTree = "<group>"; };
		CA1EDEB4207E3B8F003B92C9 /* PhotoMasterTests.xctest */ = {isa = PBXFileReference; explicitFileType = wrapper.cfbundle; includeInIndex = 0; path = PhotoMasterTests.xctest; sourceTree = BUILT_PRODUCTS_DIR; };
		CA1EDEB8207E3B8F003B92C9 /* PhotoMasterTests.swift */ = {isa = PBXFileReference; lastKnownFileType = sourcecode.swift; path = PhotoMasterTests.swift; sourceTree = "<group>"; };
		CA1EDEBA207E3B8F003B92C9 /* Info.plist */ = {isa = PBXFileReference; lastKnownFileType = text.plist.xml; path = Info.plist; sourceTree = "<group>"; };
		CA1EDEBF207E3B8F003B92C9 /* PhotoMasterUITests.xctest */ = {isa = PBXFileReference; explicitFileType = wrapper.cfbundle; includeInIndex = 0; path = PhotoMasterUITests.xctest; sourceTree = BUILT_PRODUCTS_DIR; };
		CA1EDEC3207E3B8F003B92C9 /* PhotoMasterUITests.swift */ = {isa = PBXFileReference; lastKnownFileType = sourcecode.swift; path = PhotoMasterUITests.swift; sourceTree = "<group>"; };
		CA1EDEC5207E3B8F003B92C9 /* Info.plist */ = {isa = PBXFileReference; lastKnownFileType = text.plist.xml; path = Info.plist; sourceTree = "<group>"; };
/* End PBXFileReference section */

/* Begin PBXFrameworksBuildPhase section */
		CA1EDE9D207E3B8D003B92C9 /* Frameworks */ = {
			isa = PBXFrameworksBuildPhase;
			buildActionMask = 2147483647;
			files = (
			);
			runOnlyForDeploymentPostprocessing = 0;
		};
		CA1EDEB1207E3B8F003B92C9 /* Frameworks */ = {
			isa = PBXFrameworksBuildPhase;
			buildActionMask = 2147483647;
			files = (
			);
			runOnlyForDeploymentPostprocessing = 0;
		};
		CA1EDEBC207E3B8F003B92C9 /* Frameworks */ = {
			isa = PBXFrameworksBuildPhase;
			buildActionMask = 2147483647;
			files = (
			);
			runOnlyForDeploymentPostprocessing = 0;
		};
/* End PBXFrameworksBuildPhase section */

/* Begin PBXGroup section */
		CA1EDE97207E3B8D003B92C9 = {
			isa = PBXGroup;
			children = (
				CA1EDEA2207E3B8D003B92C9 /* PhotoMaster */,
				CA1EDEB7207E3B8F003B92C9 /* PhotoMasterTests */,
				CA1EDEC2207E3B8F003B92C9 /* PhotoMasterUITests */,
				CA1EDEA1207E3B8D003B92C9 /* Products */,
			);
			sourceTree = "<group>";
		};
		CA1EDEA1207E3B8D003B92C9 /* Products */ = {
			isa = PBXGroup;
			children = (
				CA1EDEA0207E3B8D003B92C9 /* PhotoMaster.app */,
				CA1EDEB4207E3B8F003B92C9 /* PhotoMasterTests.xctest */,
				CA1EDEBF207E3B8F003B92C9 /* PhotoMasterUITests.xctest */,
			);
			name = Products;
			sourceTree = "<group>";
		};
		CA1EDEA2207E3B8D003B92C9 /* PhotoMaster */ = {
			isa = PBXGroup;
			children = (
				CA1EDEA3207E3B8D003B92C9 /* AppDelegate.swift */,
				CA1EDEA5207E3B8D003B92C9 /* ViewController.swift */,
				CA1EDEA7207E3B8E003B92C9 /* Main.storyboard */,
				CA1EDEAA207E3B8F003B92C9 /* Assets.xcassets */,
				CA1EDEAC207E3B8F003B92C9 /* LaunchScreen.storyboard */,
				CA1EDEAF207E3B8F003B92C9 /* Info.plist */,
			);
			path = PhotoMaster;
			sourceTree = "<group>";
		};
		CA1EDEB7207E3B8F003B92C9 /* PhotoMasterTests */ = {
			isa = PBXGroup;
			children = (
				CA1EDEB8207E3B8F003B92C9 /* PhotoMasterTests.swift */,
				CA1EDEBA207E3B8F003B92C9 /* Info.plist */,
			);
			path = PhotoMasterTests;
			sourceTree = "<group>";
		};
		CA1EDEC2207E3B8F003B92C9 /* PhotoMasterUITests */ = {
			isa = PBXGroup;
			children = (
				CA1EDEC3207E3B8F003B92C9 /* PhotoMasterUITests.swift */,
				CA1EDEC5207E3B8F003B92C9 /* Info.plist */,
			);
			path = PhotoMasterUITests;
			sourceTree = "<group>";
		};
/* End PBXGroup section */

/* Begin PBXNativeTarget section */
		CA1EDE9F207E3B8D003B92C9 /* PhotoMaster */ = {
			isa = PBXNativeTarget;
			buildConfigurationList = CA1EDEC8207E3B8F003B92C9 /* Build configuration list for PBXNativeTarget "PhotoMaster" */;
			buildPhases = (
				CA1EDE9C207E3B8D003B92C9 /* Sources */,
				CA1EDE9D207E3B8D003B92C9 /* Frameworks */,
				CA1EDE9E207E3B8D003B92C9 /* Resources */,
			);
			buildRules = (
			);
			dependencies = (
			);
			name = PhotoMaster;
			productName = PhotoMaster;
			productReference = CA1EDEA0207E3B8D003B92C9 /* PhotoMaster.app */;
			productType = "com.apple.product-type.application";
		};
		CA1EDEB3207E3B8F003B92C9 /* PhotoMasterTests */ = {
			isa = PBXNativeTarget;
			buildConfigurationList = CA1EDECB207E3B8F003B92C9 /* Build configuration list for PBXNativeTarget "PhotoMasterTests" */;
			buildPhases = (
				CA1EDEB0207E3B8F003B92C9 /* Sources */,
				CA1EDEB1207E3B8F003B92C9 /* Frameworks */,
				CA1EDEB2207E3B8F003B92C9 /* Resources */,
			);
			buildRules = (
			);
			dependencies = (
				CA1EDEB6207E3B8F003B92C9 /* PBXTargetDependency */,
			);
			name = PhotoMasterTests;
			productName = PhotoMasterTests;
			productReference = CA1EDEB4207E3B8F003B92C9 /* PhotoMasterTests.xctest */;
			productType = "com.apple.product-type.bundle.unit-test";
		};
		CA1EDEBE207E3B8F003B92C9 /* PhotoMasterUITests */ = {
			isa = PBXNativeTarget;
			buildConfigurationList = CA1EDECE207E3B8F003B92C9 /* Build configuration list for PBXNativeTarget "PhotoMasterUITests" */;
			buildPhases = (
				CA1EDEBB207E3B8F003B92C9 /* Sources */,
				CA1EDEBC207E3B8F003B92C9 /* Frameworks */,
				CA1EDEBD207E3B8F003B92C9 /* Resources */,
			);
			buildRules = (
			);
			dependencies = (
				CA1EDEC1207E3B8F003B92C9 /* PBXTargetDependency */,
			);
			name = PhotoMasterUITests;
			productName = PhotoMasterUITests;
			productReference = CA1EDEBF207E3B8F003B92C9 /* PhotoMasterUITests.xctest */;
			productType = "com.apple.product-type.bundle.ui-testing";
		};
/* End PBXNativeTarget section */

/* Begin PBXProject section */
		CA1EDE98207E3B8D003B92C9 /* Project object */ = {
			isa = PBXProject;
			attributes = {
				LastSwiftUpdateCheck = 0930;
				LastUpgradeCheck = 0930;
				ORGANIZATIONNAME = sho;
				TargetAttributes = {
					CA1EDE9F207E3B8D003B92C9 = {
						CreatedOnToolsVersion = 9.3;
					};
					CA1EDEB3207E3B8F003B92C9 = {
						CreatedOnToolsVersion = 9.3;
						TestTargetID = CA1EDE9F207E3B8D003B92C9;
					};
					CA1EDEBE207E3B8F003B92C9 = {
						CreatedOnToolsVersion = 9.3;
						TestTargetID = CA1EDE9F207E3B8D003B92C9;
					};
				};
			};
			buildConfigurationList = CA1EDE9B207E3B8D003B92C9 /* Build configuration list for PBXProject "PhotoMaster" */;
			compatibilityVersion = "Xcode 9.3";
			developmentRegion = en;
			hasScannedForEncodings = 0;
			knownRegions = (
				en,
				Base,
			);
			mainGroup = CA1EDE97207E3B8D003B92C9;
			productRefGroup = CA1EDEA1207E3B8D003B92C9 /* Products */;
			projectDirPath = "";
			projectRoot = "";
			targets = (
				CA1EDE9F207E3B8D003B92C9 /* PhotoMaster */,
				CA1EDEB3207E3B8F003B92C9 /* PhotoMasterTests */,
				CA1EDEBE207E3B8F003B92C9 /* PhotoMasterUITests */,
			);
		};
/* End PBXProject section */

/* Begin PBXResourcesBuildPhase section */
		CA1EDE9E207E3B8D003B92C9 /* Resources */ = {
			isa = PBXResourcesBuildPhase;
			buildActionMask = 2147483647;
			files = (
				CA1EDEAE207E3B8F003B92C9 /* LaunchScreen.storyboard in Resources */,
				CA1EDEAB207E3B8F003B92C9 /* Assets.xcassets in Resources */,
				CA1EDEA9207E3B8E003B92C9 /* Main.storyboard in Resources */,
			);
			runOnlyForDeploymentPostprocessing = 0;
		};
		CA1EDEB2207E3B8F003B92C9 /* Resources */ = {
			isa = PBXResourcesBuildPhase;
			buildActionMask = 2147483647;
			files = (
			);
			runOnlyForDeploymentPostprocessing = 0;
		};
		CA1EDEBD207E3B8F003B92C9 /* Resources */ = {
			isa = PBXResourcesBuildPhase;
			buildActionMask = 2147483647;
			files = (
			);
			runOnlyForDeploymentPostprocessing = 0;
		};
/* End PBXResourcesBuildPhase section */

/* Begin PBXSourcesBuildPhase section */
		CA1EDE9C207E3B8D003B92C9 /* Sources */ = {
			isa = PBXSourcesBuildPhase;
			buildActionMask = 2147483647;
			files = (
				CA1EDEA6207E3B8D003B92C9 /* ViewController.swift in Sources */,
				CA1EDEA4207E3B8D003B92C9 /* AppDelegate.swift in Sources */,
			);
			runOnlyForDeploymentPostprocessing = 0;
		};
		CA1EDEB0207E3B8F003B92C9 /* Sources */ = {
			isa = PBXSourcesBuildPhase;
			buildActionMask = 2147483647;
			files = (
				CA1EDEB9207E3B8F003B92C9 /* PhotoMasterTests.swift in Sources */,
			);
			runOnlyForDeploymentPostprocessing = 0;
		};
		CA1EDEBB207E3B8F003B92C9 /* Sources */ = {
			isa = PBXSourcesBuildPhase;
			buildActionMask = 2147483647;
			files = (
				CA1EDEC4207E3B8F003B92C9 /* PhotoMasterUITests.swift in Sources */,
			);
			runOnlyForDeploymentPostprocessing = 0;
		};
/* End PBXSourcesBuildPhase section */

/* Begin PBXTargetDependency section */
		CA1EDEB6207E3B8F003B92C9 /* PBXTargetDependency */ = {
			isa = PBXTargetDependency;
			target = CA1EDE9F207E3B8D003B92C9 /* PhotoMaster */;
			targetProxy = CA1EDEB5207E3B8F003B92C9 /* PBXContainerItemProxy */;
		};
		CA1EDEC1207E3B8F003B92C9 /* PBXTargetDependency */ = {
			isa = PBXTargetDependency;
			target = CA1EDE9F207E3B8D003B92C9 /* PhotoMaster */;
			targetProxy = CA1EDEC0207E3B8F003B92C9 /* PBXContainerItemProxy */;
		};
/* End PBXTargetDependency section */

/* Begin PBXVariantGroup section */
		CA1EDEA7207E3B8E003B92C9 /* Main.storyboard */ = {
			isa = PBXVariantGroup;
			children = (
				CA1EDEA8207E3B8E003B92C9 /* Base */,
			);
			name = Main.storyboard;
			sourceTree = "<group>";
		};
		CA1EDEAC207E3B8F003B92C9 /* LaunchScreen.storyboard */ = {
			isa = PBXVariantGroup;
			children = (
				CA1EDEAD207E3B8F003B92C9 /* Base */,
			);
			name = LaunchScreen.storyboard;
			sourceTree = "<group>";
		};
/* End PBXVariantGroup section */

/* Begin XCBuildConfiguration section */
		CA1EDEC6207E3B8F003B92C9 /* Debug */ = {
			isa = XCBuildConfiguration;
			buildSettings = {
				ALWAYS_SEARCH_USER_PATHS = NO;
				CLANG_ANALYZER_NONNULL = YES;
				CLANG_ANALYZER_NUMBER_OBJECT_CONVERSION = YES_AGGRESSIVE;
				CLANG_CXX_LANGUAGE_STANDARD = "gnu++14";
				CLANG_CXX_LIBRARY = "libc++";
				CLANG_ENABLE_MODULES = YES;
				CLANG_ENABLE_OBJC_ARC = YES;
				CLANG_ENABLE_OBJC_WEAK = YES;
				CLANG_WARN_BLOCK_CAPTURE_AUTORELEASING = YES;
				CLANG_WARN_BOOL_CONVERSION = YES;
				CLANG_WARN_COMMA = YES;
				CLANG_WARN_CONSTANT_CONVERSION = YES;
				CLANG_WARN_DEPRECATED_OBJC_IMPLEMENTATIONS = YES;
				CLANG_WARN_DIRECT_OBJC_ISA_USAGE = YES_ERROR;
				CLANG_WARN_DOCUMENTATION_COMMENTS = YES;
				CLANG_WARN_EMPTY_BODY = YES;
				CLANG_WARN_ENUM_CONVERSION = YES;
				CLANG_WARN_INFINITE_RECURSION = YES;
				CLANG_WARN_INT_CONVERSION = YES;
				CLANG_WARN_NON_LITERAL_NULL_CONVERSION = YES;
				CLANG_WARN_OBJC_IMPLICIT_RETAIN_SELF = YES;
				CLANG_WARN_OBJC_LITERAL_CONVERSION = YES;
				CLANG_WARN_OBJC_ROOT_CLASS = YES_ERROR;
				CLANG_WARN_RANGE_LOOP_ANALYSIS = YES;
				CLANG_WARN_STRICT_PROTOTYPES = YES;
				CLANG_WARN_SUSPICIOUS_MOVE = YES;
				CLANG_WARN_UNGUARDED_AVAILABILITY = YES_AGGRESSIVE;
				CLANG_WARN_UNREACHABLE_CODE = YES;
				CLANG_WARN__DUPLICATE_METHOD_MATCH = YES;
				CODE_SIGN_IDENTITY = "iPhone Developer";
				COPY_PHASE_STRIP = NO;
				DEBUG_INFORMATION_FORMAT = dwarf;
				ENABLE_STRICT_OBJC_MSGSEND = YES;
				ENABLE_TESTABILITY = YES;
				GCC_C_LANGUAGE_STANDARD = gnu11;
				GCC_DYNAMIC_NO_PIC = NO;
				GCC_NO_COMMON_BLOCKS = YES;
				GCC_OPTIMIZATION_LEVEL = 0;
				GCC_PREPROCESSOR_DEFINITIONS = (
					"DEBUG=1",
					"$(inherited)",
				);
				GCC_WARN_64_TO_32_BIT_CONVERSION = YES;
				GCC_WARN_ABOUT_RETURN_TYPE = YES_ERROR;
				GCC_WARN_UNDECLARED_SELECTOR = YES;
				GCC_WARN_UNINITIALIZED_AUTOS = YES_AGGRESSIVE;
				GCC_WARN_UNUSED_FUNCTION = YES;
				GCC_WARN_UNUSED_VARIABLE = YES;
				IPHONEOS_DEPLOYMENT_TARGET = 11.3;
				MTL_ENABLE_DEBUG_INFO = YES;
				ONLY_ACTIVE_ARCH = YES;
				SDKROOT = iphoneos;
				SWIFT_ACTIVE_COMPILATION_CONDITIONS = DEBUG;
				SWIFT_OPTIMIZATION_LEVEL = "-Onone";
			};
			name = Debug;
		};
		CA1EDEC7207E3B8F003B92C9 /* Release */ = {
			isa = XCBuildConfiguration;
			buildSettings = {
				ALWAYS_SEARCH_USER_PATHS = NO;
				CLANG_ANALYZER_NONNULL = YES;
				CLANG_ANALYZER_NUMBER_OBJECT_CONVERSION = YES_AGGRESSIVE;
				CLANG_CXX_LANGUAGE_STANDARD = "gnu++14";
				CLANG_CXX_LIBRARY = "libc++";
				CLANG_ENABLE_MODULES = YES;
				CLANG_ENABLE_OBJC_ARC = YES;
				CLANG_ENABLE_OBJC_WEAK = YES;
				CLANG_WARN_BLOCK_CAPTURE_AUTORELEASING = YES;
				CLANG_WARN_BOOL_CONVERSION = YES;
				CLANG_WARN_COMMA = YES;
				CLANG_WARN_CONSTANT_CONVERSION = YES;
				CLANG_WARN_DEPRECATED_OBJC_IMPLEMENTATIONS = YES;
				CLANG_WARN_DIRECT_OBJC_ISA_USAGE = YES_ERROR;
				CLANG_WARN_DOCUMENTATION_COMMENTS = YES;
				CLANG_WARN_EMPTY_BODY = YES;
				CLANG_WARN_ENUM_CONVERSION = YES;
				CLANG_WARN_INFINITE_RECURSION = YES;
				CLANG_WARN_INT_CONVERSION = YES;
				CLANG_WARN_NON_LITERAL_NULL_CONVERSION = YES;
				CLANG_WARN_OBJC_IMPLICIT_RETAIN_SELF = YES;
				CLANG_WARN_OBJC_LITERAL_CONVERSION = YES;
				CLANG_WARN_OBJC_ROOT_CLASS = YES_ERROR;
				CLANG_WARN_RANGE_LOOP_ANALYSIS = YES;
				CLANG_WARN_STRICT_PROTOTYPES = YES;
				CLANG_WARN_SUSPICIOUS_MOVE = YES;
				CLANG_WARN_UNGUARDED_AVAILABILITY = YES_AGGRESSIVE;
				CLANG_WARN_UNREACHABLE_CODE = YES;
				CLANG_WARN__DUPLICATE_METHOD_MATCH = YES;
				CODE_SIGN_IDENTITY = "iPhone Developer";
				COPY_PHASE_STRIP = NO;
				DEBUG_INFORMATION_FORMAT = "dwarf-with-dsym";
				ENABLE_NS_ASSERTIONS = NO;
				ENABLE_STRICT_OBJC_MSGSEND = YES;
				GCC_C_LANGUAGE_STANDARD = gnu11;
				GCC_NO_COMMON_BLOCKS = YES;
				GCC_WARN_64_TO_32_BIT_CONVERSION = YES;
				GCC_WARN_ABOUT_RETURN_TYPE = YES_ERROR;
				GCC_WARN_UNDECLARED_SELECTOR = YES;
				GCC_WARN_UNINITIALIZED_AUTOS = YES_AGGRESSIVE;
				GCC_WARN_UNUSED_FUNCTION = YES;
				GCC_WARN_UNUSED_VARIABLE = YES;
				IPHONEOS_DEPLOYMENT_TARGET = 11.3;
				MTL_ENABLE_DEBUG_INFO = NO;
				SDKROOT = iphoneos;
				SWIFT_COMPILATION_MODE = wholemodule;
				SWIFT_OPTIMIZATION_LEVEL = "-O";
				VALIDATE_PRODUCT = YES;
			};
			name = Release;
		};
		CA1EDEC9207E3B8F003B92C9 /* Debug */ = {
			isa = XCBuildConfiguration;
			buildSettings = {
				ASSETCATALOG_COMPILER_APPICON_NAME = AppIcon;
				CODE_SIGN_STYLE = Automatic;
				DEVELOPMENT_TEAM = BV8VP6YGE9;
				INFOPLIST_FILE = PhotoMaster/Info.plist;
				LD_RUNPATH_SEARCH_PATHS = (
					"$(inherited)",
					"@executable_path/Frameworks",
				);
				PRODUCT_BUNDLE_IDENTIFIER = jp.sho.PhotoMaster;
				PRODUCT_NAME = "$(TARGET_NAME)";
				SWIFT_VERSION = 4.0;
				TARGETED_DEVICE_FAMILY = "1,2";
			};
			name = Debug;
		};
		CA1EDECA207E3B8F003B92C9 /* Release */ = {
			isa = XCBuildConfiguration;
			buildSettings = {
				ASSETCATALOG_COMPILER_APPICON_NAME = AppIcon;
				CODE_SIGN_STYLE = Automatic;
				DEVELOPMENT_TEAM = BV8VP6YGE9;
				INFOPLIST_FILE = PhotoMaster/Info.plist;
				LD_RUNPATH_SEARCH_PATHS = (
					"$(inherited)",
					"@executable_path/Frameworks",
				);
				PRODUCT_BUNDLE_IDENTIFIER = jp.sho.PhotoMaster;
				PRODUCT_NAME = "$(TARGET_NAME)";
				SWIFT_VERSION = 4.0;
				TARGETED_DEVICE_FAMILY = "1,2";
			};
			name = Release;
		};
		CA1EDECC207E3B8F003B92C9 /* Debug */ = {
			isa = XCBuildConfiguration;
			buildSettings = {
				ALWAYS_EMBED_SWIFT_STANDARD_LIBRARIES = YES;
				BUNDLE_LOADER = "$(TEST_HOST)";
				CODE_SIGN_STYLE = Automatic;
				DEVELOPMENT_TEAM = BV8VP6YGE9;
				INFOPLIST_FILE = PhotoMasterTests/Info.plist;
				LD_RUNPATH_SEARCH_PATHS = (
					"$(inherited)",
					"@executable_path/Frameworks",
					"@loader_path/Frameworks",
				);
				PRODUCT_BUNDLE_IDENTIFIER = jp.sho.PhotoMasterTests;
				PRODUCT_NAME = "$(TARGET_NAME)";
				SWIFT_VERSION = 4.0;
				TARGETED_DEVICE_FAMILY = "1,2";
				TEST_HOST = "$(BUILT_PRODUCTS_DIR)/PhotoMaster.app/PhotoMaster";
			};
			name = Debug;
		};
		CA1EDECD207E3B8F003B92C9 /* Release */ = {
			isa = XCBuildConfiguration;
			buildSettings = {
				ALWAYS_EMBED_SWIFT_STANDARD_LIBRARIES = YES;
				BUNDLE_LOADER = "$(TEST_HOST)";
				CODE_SIGN_STYLE = Automatic;
				DEVELOPMENT_TEAM = BV8VP6YGE9;
				INFOPLIST_FILE = PhotoMasterTests/Info.plist;
				LD_RUNPATH_SEARCH_PATHS = (
					"$(inherited)",
					"@executable_path/Frameworks",
					"@loader_path/Frameworks",
				);
				PRODUCT_BUNDLE_IDENTIFIER = jp.sho.PhotoMasterTests;
				PRODUCT_NAME = "$(TARGET_NAME)";
				SWIFT_VERSION = 4.0;
				TARGETED_DEVICE_FAMILY = "1,2";
				TEST_HOST = "$(BUILT_PRODUCTS_DIR)/PhotoMaster.app/PhotoMaster";
			};
			name = Release;
		};
		CA1EDECF207E3B8F003B92C9 /* Debug */ = {
			isa = XCBuildConfiguration;
			buildSettings = {
				ALWAYS_EMBED_SWIFT_STANDARD_LIBRARIES = YES;
				CODE_SIGN_STYLE = Automatic;
				DEVELOPMENT_TEAM = BV8VP6YGE9;
				INFOPLIST_FILE = PhotoMasterUITests/Info.plist;
				LD_RUNPATH_SEARCH_PATHS = (
					"$(inherited)",
					"@executable_path/Frameworks",
					"@loader_path/Frameworks",
				);
				PRODUCT_BUNDLE_IDENTIFIER = jp.sho.PhotoMasterUITests;
				PRODUCT_NAME = "$(TARGET_NAME)";
				SWIFT_VERSION = 4.0;
				TARGETED_DEVICE_FAMILY = "1,2";
				TEST_TARGET_NAME = PhotoMaster;
			};
			name = Debug;
		};
		CA1EDED0207E3B8F003B92C9 /* Release */ = {
			isa = XCBuildConfiguration;
			buildSettings = {
				ALWAYS_EMBED_SWIFT_STANDARD_LIBRARIES = YES;
				CODE_SIGN_STYLE = Automatic;
				DEVELOPMENT_TEAM = BV8VP6YGE9;
				INFOPLIST_FILE = PhotoMasterUITests/Info.plist;
				LD_RUNPATH_SEARCH_PATHS = (
					"$(inherited)",
					"@executable_path/Frameworks",
					"@loader_path/Frameworks",
				);
				PRODUCT_BUNDLE_IDENTIFIER = jp.sho.PhotoMasterUITests;
				PRODUCT_NAME = "$(TARGET_NAME)";
				SWIFT_VERSION = 4.0;
				TARGETED_DEVICE_FAMILY = "1,2";
				TEST_TARGET_NAME = PhotoMaster;
			};
			name = Release;
		};
/* End XCBuildConfiguration section */

/* Begin XCConfigurationList section */
		CA1EDE9B207E3B8D003B92C9 /* Build configuration list for PBXProject "PhotoMaster" */ = {
			isa = XCConfigurationList;
			buildConfigurations = (
				CA1EDEC6207E3B8F003B92C9 /* Debug */,
				CA1EDEC7207E3B8F003B92C9 /* Release */,
			);
			defaultConfigurationIsVisible = 0;
			defaultConfigurationName = Release;
		};
		CA1EDEC8207E3B8F003B92C9 /* Build configuration list for PBXNativeTarget "PhotoMaster" */ = {
			isa = XCConfigurationList;
			buildConfigurations = (
				CA1EDEC9207E3B8F003B92C9 /* Debug */,
				CA1EDECA207E3B8F003B92C9 /* Release */,
			);
			defaultConfigurationIsVisible = 0;
			defaultConfigurationName = Release;
		};
		CA1EDECB207E3B8F003B92C9 /* Build configuration list for PBXNativeTarget "PhotoMasterTests" */ = {
			isa = XCConfigurationList;
			buildConfigurations = (
				CA1EDECC207E3B8F003B92C9 /* Debug */,
				CA1EDECD207E3B8F003B92C9 /* Release */,
			);
			defaultConfigurationIsVisible = 0;
			defaultConfigurationName = Release;
		};
		CA1EDECE207E3B8F003B92C9 /* Build configuration list for PBXNativeTarget "PhotoMasterUITests" */ = {
			isa = XCConfigurationList;
			buildConfigurations = (
				CA1EDECF207E3B8F003B92C9 /* Debug */,
				CA1EDED0207E3B8F003B92C9 /* Release */,
			);
			defaultConfigurationIsVisible = 0;
			defaultConfigurationName = Release;
		};
/* End XCConfigurationList section */
	};
	rootObject = CA1EDE98207E3B8D003B92C9 /* Project object */;
}
